
Microsoft Visual Studio Solution File, Format Version 12.00
# Visual Studio Version 17
VisualStudioVersion = 17.3.32929.385
MinimumVisualStudioVersion = 10.0.40219.1
Project("{FAE04EC0-301F-11D3-BF4B-00C04F79EFBC}") = "Task_10_Forms_PM01_N4", "Task_10_Forms_PM01_N4\Task_10_Forms_PM01_N4.csproj", "{551EF2EF-8C7E-4F99-B928-799BADF6CFDE}"
EndProject
Global
	GlobalSection(SolutionConfigurationPlatforms) = preSolution
		Debug|Any CPU = Debug|Any CPU
		Release|Any CPU = Release|Any CPU
	EndGlobalSection
	GlobalSection(ProjectConfigurationPlatforms) = postSolution
		{551EF2EF-8C7E-4F99-B928-799BADF6CFDE}.Debug|Any CPU.ActiveCfg = Debug|Any CPU
		{551EF2EF-8C7E-4F99-B928-799BADF6CFDE}.Debug|Any CPU.Build.0 = Debug|Any CPU
		{551EF2EF-8C7E-4F99-B928-799BADF6CFDE}.Release|Any CPU.ActiveCfg = Release|Any CPU
		{551EF2EF-8C7E-4F99-B928-799BADF6CFDE}.Release|Any CPU.Build.0 = Release|Any CPU
	EndGlobalSection
	GlobalSection(SolutionProperties) = preSolution
		HideSolutionNode = FALSE
	EndGlobalSection
	GlobalSection(ExtensibilityGlobals) = postSolution
		SolutionGuid = {1DB93C33-2CC2-44F3-A85F-C8B7C635656E}
	EndGlobalSection
EndGlobal
